<?xml version="1.0" encoding="utf-8"?>
<Project ToolsVersion="15.0" xmlns="http://schemas.microsoft.com/developer/msbuild/2003">
  <ItemGroup>
    <Filter Include="expat">
      <UniqueIdentifier>{FD36B138-9174-1942-AA2F-BC3497B3E349}</UniqueIdentifier>
    </Filter>
    <Filter Include="expat\lib">
      <UniqueIdentifier>{7E8046C5-4AA5-DB44-98DB-02B3E1AABA4E}</UniqueIdentifier>
    </Filter>
  </ItemGroup>
  <ItemGroup>
    <ClCompile Include="expat\lib\loadlibrary.c">
      <Filter>expat\lib</Filter>
    </ClCompile>
    <ClCompile Include="expat\lib\xmlparse.c">
      <Filter>expat\lib</Filter>
    </ClCompile>
    <ClCompile Include="expat\lib\xmlrole.c">
      <Filter>expat\lib</Filter>
    </ClCompile>
    <ClCompile Include="expat\lib\xmltok.c">
      <Filter>expat\lib</Filter>
    </ClCompile>
  </ItemGroup>
</Project>
