<?xml version="1.0" encoding="utf-8"?>
<Project ToolsVersion="15.0" xmlns="http://schemas.microsoft.com/developer/msbuild/2003">
  <ItemGroup>
    <Filter Include="expat">
      <UniqueIdentifier>{3C7BED83-C66A-A645-8F94-171A0C53DA6E}</UniqueIdentifier>
    </Filter>
    <Filter Include="expat\lib">
      <UniqueIdentifier>{984E6B01-D718-B944-98D5-2B3E0678CD04}</UniqueIdentifier>
    </Filter>
  </ItemGroup>
  <ItemGroup>
    <ClCompile Include="expat\lib\xmlparse.c">
      <Filter>expat\lib</Filter>
    </ClCompile>
    <ClCompile Include="expat\lib\xmlrole.c">
      <Filter>expat\lib</Filter>
    </ClCompile>
    <ClCompile Include="expat\lib\xmltok.c">
      <Filter>expat\lib</Filter>
    </ClCompile>
  </ItemGroup>
</Project>
